// !$*UTF8*$!
{
	archiveVersion = 1;
	classes = {
	};
	objectVersion = 50;
	objects = {

/* Begin PBXBuildFile section */
		5B7853D626CD409C0022787D /* AppDelegate.swift in Sources */ = {isa = PBXBuildFile; fileRef = 5B7853D526CD409C0022787D /* AppDelegate.swift */; };
		5B7853D826CD409C0022787D /* SceneDelegate.swift in Sources */ = {isa = PBXBuildFile; fileRef = 5B7853D726CD409C0022787D /* SceneDelegate.swift */; };
		5B7853DA26CD409C0022787D /* ViewController.swift in Sources */ = {isa = PBXBuildFile; fileRef = 5B7853D926CD409C0022787D /* ViewController.swift */; };
		5B7853DD26CD409C0022787D /* Main.storyboard in Resources */ = {isa = PBXBuildFile; fileRef = 5B7853DB26CD409C0022787D /* Main.storyboard */; };
		5B7853DF26CD409F0022787D /* Assets.xcassets in Resources */ = {isa = PBXBuildFile; fileRef = 5B7853DE26CD409F0022787D /* Assets.xcassets */; };
		5B7853E226CD409F0022787D /* LaunchScreen.storyboard in Resources */ = {isa = PBXBuildFile; fileRef = 5B7853E026CD409F0022787D /* LaunchScreen.storyboard */; };
		5B7853EA26CD4ADC0022787D /* SwipeableView.swift in Sources */ = {isa = PBXBuildFile; fileRef = 5B7853E926CD4ADC0022787D /* SwipeableView.swift */; };
		5B7853EC26CD4B070022787D /* SwipeableItems.swift in Sources */ = {isa = PBXBuildFile; fileRef = 5B7853EB26CD4B070022787D /* SwipeableItems.swift */; };
		5B7853EE26CD4D830022787D /* ChildViewController.swift in Sources */ = {isa = PBXBuildFile; fileRef = 5B7853ED26CD4D830022787D /* ChildViewController.swift */; };
/* End PBXBuildFile section */

/* Begin PBXFileReference section */
		5B7853D226CD409C0022787D /* BottomSheetTest.app */ = {isa = PBXFileReference; explicitFileType = wrapper.application; includeInIndex = 0; path = BottomSheetTest.app; sourceTree = BUILT_PRODUCTS_DIR; };
		5B7853D526CD409C0022787D /* AppDelegate.swift */ = {isa = PBXFileReference; lastKnownFileType = sourcecode.swift; path = AppDelegate.swift; sourceTree = "<group>"; };
		5B7853D726CD409C0022787D /* SceneDelegate.swift */ = {isa = PBXFileReference; lastKnownFileType = sourcecode.swift; path = SceneDelegate.swift; sourceTree = "<group>"; };
		5B7853D926CD409C0022787D /* ViewController.swift */ = {isa = PBXFileReference; lastKnownFileType = sourcecode.swift; path = ViewController.swift; sourceTree = "<group>"; };
		5B7853DC26CD409C0022787D /* Base */ = {isa = PBXFileReference; lastKnownFileType = file.storyboard; name = Base; path = Base.lproj/Main.storyboard; sourceTree = "<group>"; };
		5B7853DE26CD409F0022787D /* Assets.xcassets */ = {isa = PBXFileReference; lastKnownFileType = folder.assetcatalog; path = Assets.xcassets; sourceTree = "<group>"; };
		5B7853E126CD409F0022787D /* Base */ = {isa = PBXFileReference; lastKnownFileType = file.storyboard; name = Base; path = Base.lproj/LaunchScreen.storyboard; sourceTree = "<group>"; };
		5B7853E326CD409F0022787D /* Info.plist */ = {isa = PBXFileReference; lastKnownFileType = text.plist.xml; path = Info.plist; sourceTree = "<group>"; };
		5B7853E926CD4ADC0022787D /* SwipeableView.swift */ = {isa = PBXFileReference; fileEncoding = 4; lastKnownFileType = sourcecode.swift; path = SwipeableView.swift; sourceTree = "<group>"; };
		5B7853EB26CD4B070022787D /* SwipeableItems.swift */ = {isa = PBXFileReference; fileEncoding = 4; lastKnownFileType = sourcecode.swift; path = SwipeableItems.swift; sourceTree = "<group>"; };
		5B7853ED26CD4D830022787D /* ChildViewController.swift */ = {isa = PBXFileReference; lastKnownFileType = sourcecode.swift; path = ChildViewController.swift; sourceTree = "<group>"; };
/* End PBXFileReference section */

/* Begin PBXFrameworksBuildPhase section */
		5B7853CF26CD409C0022787D /* Frameworks */ = {
			isa = PBXFrameworksBuildPhase;
			buildActionMask = 2147483647;
			files = (
			);
			runOnlyForDeploymentPostprocessing = 0;
		};
/* End PBXFrameworksBuildPhase section */

/* Begin PBXGroup section */
		5B7853C926CD409C0022787D = {
			isa = PBXGroup;
			children = (
				5B7853D426CD409C0022787D /* BottomSheetTest */,
				5B7853D326CD409C0022787D /* Products */,
			);
			sourceTree = "<group>";
		};
		5B7853D326CD409C0022787D /* Products */ = {
			isa = PBXGroup;
			children = (
				5B7853D226CD409C0022787D /* BottomSheetTest.app */,
			);
			name = Products;
			sourceTree = "<group>";
		};
		5B7853D426CD409C0022787D /* BottomSheetTest */ = {
			isa = PBXGroup;
			children = (
				5B7853EF26CD4D9F0022787D /* Swipeable */,
				5B7853D526CD409C0022787D /* AppDelegate.swift */,
				5B7853D726CD409C0022787D /* SceneDelegate.swift */,
				5B7853DB26CD409C0022787D /* Main.storyboard */,
				5B7853D926CD409C0022787D /* ViewController.swift */,
				5B7853ED26CD4D830022787D /* ChildViewController.swift */,
				5B7853DE26CD409F0022787D /* Assets.xcassets */,
				5B7853E026CD409F0022787D /* LaunchScreen.storyboard */,
				5B7853E326CD409F0022787D /* Info.plist */,
			);
			path = BottomSheetTest;
			sourceTree = "<group>";
		};
		5B7853EF26CD4D9F0022787D /* Swipeable */ = {
			isa = PBXGroup;
			children = (
				5B7853EB26CD4B070022787D /* SwipeableItems.swift */,
				5B7853E926CD4ADC0022787D /* SwipeableView.swift */,
			);
			path = Swipeable;
			sourceTree = "<group>";
		};
/* End PBXGroup section */

/* Begin PBXNativeTarget section */
		5B7853D126CD409C0022787D /* BottomSheetTest */ = {
			isa = PBXNativeTarget;
			buildConfigurationList = 5B7853E626CD409F0022787D /* Build configuration list for PBXNativeTarget "BottomSheetTest" */;
			buildPhases = (
				5B7853CE26CD409C0022787D /* Sources */,
				5B7853CF26CD409C0022787D /* Frameworks */,
				5B7853D026CD409C0022787D /* Resources */,
			);
			buildRules = (
			);
			dependencies = (
			);
			name = BottomSheetTest;
			productName = BottomSheetTest;
			productReference = 5B7853D226CD409C0022787D /* BottomSheetTest.app */;
			productType = "com.apple.product-type.application";
		};
/* End PBXNativeTarget section */

/* Begin PBXProject section */
		5B7853CA26CD409C0022787D /* Project object */ = {
			isa = PBXProject;
			attributes = {
				LastSwiftUpdateCheck = 1250;
				LastUpgradeCheck = 1250;
				TargetAttributes = {
					5B7853D126CD409C0022787D = {
						CreatedOnToolsVersion = 12.5.1;
					};
				};
			};
			buildConfigurationList = 5B7853CD26CD409C0022787D /* Build configuration list for PBXProject "BottomSheetTest" */;
			compatibilityVersion = "Xcode 9.3";
			developmentRegion = en;
			hasScannedForEncodings = 0;
			knownRegions = (
				en,
				Base,
			);
			mainGroup = 5B7853C926CD409C0022787D;
			productRefGroup = 5B7853D326CD409C0022787D /* Products */;
			projectDirPath = "";
			projectRoot = "";
			targets = (
				5B7853D126CD409C0022787D /* BottomSheetTest */,
			);
		};
/* End PBXProject section */

/* Begin PBXResourcesBuildPhase section */
		5B7853D026CD409C0022787D /* Resources */ = {
			isa = PBXResourcesBuildPhase;
			buildActionMask = 2147483647;
			files = (
				5B7853E226CD409F0022787D /* LaunchScreen.storyboard in Resources */,
				5B7853DF26CD409F0022787D /* Assets.xcassets in Resources */,
				5B7853DD26CD409C0022787D /* Main.storyboard in Resources */,
			);
			runOnlyForDeploymentPostprocessing = 0;
		};
/* End PBXResourcesBuildPhase section */

/* Begin PBXSourcesBuildPhase section */
		5B7853CE26CD409C0022787D /* Sources */ = {
			isa = PBXSourcesBuildPhase;
			buildActionMask = 2147483647;
			files = (
				5B7853DA26CD409C0022787D /* ViewController.swift in Sources */,
				5B7853EC26CD4B070022787D /* SwipeableItems.swift in Sources */,
				5B7853EA26CD4ADC0022787D /* SwipeableView.swift in Sources */,
				5B7853D626CD409C0022787D /* AppDelegate.swift in Sources */,
				5B7853D826CD409C0022787D /* SceneDelegate.swift in Sources */,
				5B7853EE26CD4D830022787D /* ChildViewController.swift in Sources */,
			);
			runOnlyForDeploymentPostprocessing = 0;
		};
/* End PBXSourcesBuildPhase section */

/* Begin PBXVariantGroup section */
		5B7853DB26CD409C0022787D /* Main.storyboard */ = {
			isa = PBXVariantGroup;
			children = (
				5B7853DC26CD409C0022787D /* Base */,
			);
			name = Main.storyboard;
			sourceTree = "<group>";
		};
		5B7853E026CD409F0022787D /* LaunchScreen.storyboard */ = {
			isa = PBXVariantGroup;
			children = (
				5B7853E126CD409F0022787D /* Base */,
			);
			name = LaunchScreen.storyboard;
			sourceTree = "<group>";
		};
/* End PBXVariantGroup section */

/* Begin XCBuildConfiguration section */
		5B7853E426CD409F0022787D /* Debug */ = {
			isa = XCBuildConfiguration;
			buildSettings = {
				ALWAYS_SEARCH_USER_PATHS = NO;
				CLANG_ANALYZER_NONNULL = YES;
				CLANG_ANALYZER_NUMBER_OBJECT_CONVERSION = YES_AGGRESSIVE;
				CLANG_CXX_LANGUAGE_STANDARD = "gnu++14";
				CLANG_CXX_LIBRARY = "libc++";
				CLANG_ENABLE_MODULES = YES;
				CLANG_ENABLE_OBJC_ARC = YES;
				CLANG_ENABLE_OBJC_WEAK = YES;
				CLANG_WARN_BLOCK_CAPTURE_AUTORELEASING = YES;
				CLANG_WARN_BOOL_CONVERSION = YES;
				CLANG_WARN_COMMA = YES;
				CLANG_WARN_CONSTANT_CONVERSION = YES;
				CLANG_WARN_DEPRECATED_OBJC_IMPLEMENTATIONS = YES;
				CLANG_WARN_DIRECT_OBJC_ISA_USAGE = YES_ERROR;
				CLANG_WARN_DOCUMENTATION_COMMENTS = YES;
				CLANG_WARN_EMPTY_BODY = YES;
				CLANG_WARN_ENUM_CONVERSION = YES;
				CLANG_WARN_INFINITE_RECURSION = YES;
				CLANG_WARN_INT_CONVERSION = YES;
				CLANG_WARN_NON_LITERAL_NULL_CONVERSION = YES;
				CLANG_WARN_OBJC_IMPLICIT_RETAIN_SELF = YES;
				CLANG_WARN_OBJC_LITERAL_CONVERSION = YES;
				CLANG_WARN_OBJC_ROOT_CLASS = YES_ERROR;
				CLANG_WARN_QUOTED_INCLUDE_IN_FRAMEWORK_HEADER = YES;
				CLANG_WARN_RANGE_LOOP_ANALYSIS = YES;
				CLANG_WARN_STRICT_PROTOTYPES = YES;
				CLANG_WARN_SUSPICIOUS_MOVE = YES;
				CLANG_WARN_UNGUARDED_AVAILABILITY = YES_AGGRESSIVE;
				CLANG_WARN_UNREACHABLE_CODE = YES;
				CLANG_WARN__DUPLICATE_METHOD_MATCH = YES;
				COPY_PHASE_STRIP = NO;
				DEBUG_INFORMATION_FORMAT = dwarf;
				ENABLE_STRICT_OBJC_MSGSEND = YES;
				ENABLE_TESTABILITY = YES;
				GCC_C_LANGUAGE_STANDARD = gnu11;
				GCC_DYNAMIC_NO_PIC = NO;
				GCC_NO_COMMON_BLOCKS = YES;
				GCC_OPTIMIZATION_LEVEL = 0;
				GCC_PREPROCESSOR_DEFINITIONS = (
					"DEBUG=1",
					"$(inherited)",
				);
				GCC_WARN_64_TO_32_BIT_CONVERSION = YES;
				GCC_WARN_ABOUT_RETURN_TYPE = YES_ERROR;
				GCC_WARN_UNDECLARED_SELECTOR = YES;
				GCC_WARN_UNINITIALIZED_AUTOS = YES_AGGRESSIVE;
				GCC_WARN_UNUSED_FUNCTION = YES;
				GCC_WARN_UNUSED_VARIABLE = YES;
				IPHONEOS_DEPLOYMENT_TARGET = 14.5;
				MTL_ENABLE_DEBUG_INFO = INCLUDE_SOURCE;
				MTL_FAST_MATH = YES;
				ONLY_ACTIVE_ARCH = YES;
				SDKROOT = iphoneos;
				SWIFT_ACTIVE_COMPILATION_CONDITIONS = DEBUG;
				SWIFT_OPTIMIZATION_LEVEL = "-Onone";
			};
			name = Debug;
		};
		5B7853E526CD409F0022787D /* Release */ = {
			isa = XCBuildConfiguration;
			buildSettings = {
				ALWAYS_SEARCH_USER_PATHS = NO;
				CLANG_ANALYZER_NONNULL = YES;
				CLANG_ANALYZER_NUMBER_OBJECT_CONVERSION = YES_AGGRESSIVE;
				CLANG_CXX_LANGUAGE_STANDARD = "gnu++14";
				CLANG_CXX_LIBRARY = "libc++";
				CLANG_ENABLE_MODULES = YES;
				CLANG_ENABLE_OBJC_ARC = YES;
				CLANG_ENABLE_OBJC_WEAK = YES;
				CLANG_WARN_BLOCK_CAPTURE_AUTORELEASING = YES;
				CLANG_WARN_BOOL_CONVERSION = YES;
				CLANG_WARN_COMMA = YES;
				CLANG_WARN_CONSTANT_CONVERSION = YES;
				CLANG_WARN_DEPRECATED_OBJC_IMPLEMENTATIONS = YES;
				CLANG_WARN_DIRECT_OBJC_ISA_USAGE = YES_ERROR;
				CLANG_WARN_DOCUMENTATION_COMMENTS = YES;
				CLANG_WARN_EMPTY_BODY = YES;
				CLANG_WARN_ENUM_CONVERSION = YES;
				CLANG_WARN_INFINITE_RECURSION = YES;
				CLANG_WARN_INT_CONVERSION = YES;
				CLANG_WARN_NON_LITERAL_NULL_CONVERSION = YES;
				CLANG_WARN_OBJC_IMPLICIT_RETAIN_SELF = YES;
				CLANG_WARN_OBJC_LITERAL_CONVERSION = YES;
				CLANG_WARN_OBJC_ROOT_CLASS = YES_ERROR;
				CLANG_WARN_QUOTED_INCLUDE_IN_FRAMEWORK_HEADER = YES;
				CLANG_WARN_RANGE_LOOP_ANALYSIS = YES;
				CLANG_WARN_STRICT_PROTOTYPES = YES;
				CLANG_WARN_SUSPICIOUS_MOVE = YES;
				CLANG_WARN_UNGUARDED_AVAILABILITY = YES_AGGRESSIVE;
				CLANG_WARN_UNREACHABLE_CODE = YES;
				CLANG_WARN__DUPLICATE_METHOD_MATCH = YES;
				COPY_PHASE_STRIP = NO;
				DEBUG_INFORMATION_FORMAT = "dwarf-with-dsym";
				ENABLE_NS_ASSERTIONS = NO;
				ENABLE_STRICT_OBJC_MSGSEND = YES;
				GCC_C_LANGUAGE_STANDARD = gnu11;
				GCC_NO_COMMON_BLOCKS = YES;
				GCC_WARN_64_TO_32_BIT_CONVERSION = YES;
				GCC_WARN_ABOUT_RETURN_TYPE = YES_ERROR;
				GCC_WARN_UNDECLARED_SELECTOR = YES;
				GCC_WARN_UNINITIALIZED_AUTOS = YES_AGGRESSIVE;
				GCC_WARN_UNUSED_FUNCTION = YES;
				GCC_WARN_UNUSED_VARIABLE = YES;
				IPHONEOS_DEPLOYMENT_TARGET = 14.5;
				MTL_ENABLE_DEBUG_INFO = NO;
				MTL_FAST_MATH = YES;
				SDKROOT = iphoneos;
				SWIFT_COMPILATION_MODE = wholemodule;
				SWIFT_OPTIMIZATION_LEVEL = "-O";
				VALIDATE_PRODUCT = YES;
			};
			name = Release;
		};
		5B7853E726CD409F0022787D /* Debug */ = {
			isa = XCBuildConfiguration;
			buildSettings = {
				ASSETCATALOG_COMPILER_APPICON_NAME = AppIcon;
				ASSETCATALOG_COMPILER_GLOBAL_ACCENT_COLOR_NAME = AccentColor;
				CODE_SIGN_STYLE = Automatic;
				DEVELOPMENT_TEAM = ZM4M6FSHD8;
				INFOPLIST_FILE = BottomSheetTest/Info.plist;
				LD_RUNPATH_SEARCH_PATHS = (
					"$(inherited)",
					"@executable_path/Frameworks",
				);
				PRODUCT_BUNDLE_IDENTIFIER = NayeonKIm.BottomSheetTest;
				PRODUCT_NAME = "$(TARGET_NAME)";
				SWIFT_VERSION = 5.0;
				TARGETED_DEVICE_FAMILY = "1,2";
			};
			name = Debug;
		};
		5B7853E826CD409F0022787D /* Release */ = {
			isa = XCBuildConfiguration;
			buildSettings = {
				ASSETCATALOG_COMPILER_APPICON_NAME = AppIcon;
				ASSETCATALOG_COMPILER_GLOBAL_ACCENT_COLOR_NAME = AccentColor;
				CODE_SIGN_STYLE = Automatic;
				DEVELOPMENT_TEAM = ZM4M6FSHD8;
				INFOPLIST_FILE = BottomSheetTest/Info.plist;
				LD_RUNPATH_SEARCH_PATHS = (
					"$(inherited)",
					"@executable_path/Frameworks",
				);
				PRODUCT_BUNDLE_IDENTIFIER = NayeonKIm.BottomSheetTest;
				PRODUCT_NAME = "$(TARGET_NAME)";
				SWIFT_VERSION = 5.0;
				TARGETED_DEVICE_FAMILY = "1,2";
			};
			name = Release;
		};
/* End XCBuildConfiguration section */

/* Begin XCConfigurationList section */
		5B7853CD26CD409C0022787D /* Build configuration list for PBXProject "BottomSheetTest" */ = {
			isa = XCConfigurationList;
			buildConfigurations = (
				5B7853E426CD409F0022787D /* Debug */,
				5B7853E526CD409F0022787D /* Release */,
			);
			defaultConfigurationIsVisible = 0;
			defaultConfigurationName = Release;
		};
		5B7853E626CD409F0022787D /* Build configuration list for PBXNativeTarget "BottomSheetTest" */ = {
			isa = XCConfigurationList;
			buildConfigurations = (
				5B7853E726CD409F0022787D /* Debug */,
				5B7853E826CD409F0022787D /* Release */,
			);
			defaultConfigurationIsVisible = 0;
			defaultConfigurationName = Release;
		};
/* End XCConfigurationList section */
	};
	rootObject = 5B7853CA26CD409C0022787D /* Project object */;
}
