{
  "object": {
    "pins": [
      {
        "package": "LocationPicker",
        "repositoryURL": "https://github.com/almassapargali/LocationPicker",
        "state": {
          "branch": null,
          "revision": "b9c4bbe995e52125ce723b823876ad87c76adc5d",
          "version": "1.4.3"
        }
      }
    ]
  },
  "version": 1
}
